Microsoft Visual Studio Solution File, Format Version 12.00
# Visual Studio Version 17
VisualStudioVersion = 17.5.2.0
MinimumVisualStudioVersion = 10.0.40219.1
Project("{FAE04EC0-301F-11D3-BF4B-00C04F79EFBC}") = "Ex01_Lampada", "Ex01_Lampada\Ex01_Lampada.csproj", "{37804F53-7617-E5CD-2951-5210BE12B580}"
EndProject
Project("{FAE04EC0-301F-11D3-BF4B-00C04F79EFBC}") = "Ex02_Cofre", "Ex02_Cofre\Ex02_Cofre.csproj", "{08EC34FF-B05F-D450-BF3A-6C4AE5DBD99D}"
EndProject
Global
	GlobalSection(SolutionConfigurationPlatforms) = preSolution
		Debug|Any CPU = Debug|Any CPU
		Release|Any CPU = Release|Any CPU
	EndGlobalSection
	GlobalSection(ProjectConfigurationPlatforms) = postSolution
		{37804F53-7617-E5CD-2951-5210BE12B580}.Debug|Any CPU.ActiveCfg = Debug|Any CPU
		{37804F53-7617-E5CD-2951-5210BE12B580}.Debug|Any CPU.Build.0 = Debug|Any CPU
		{37804F53-7617-E5CD-2951-5210BE12B580}.Release|Any CPU.ActiveCfg = Release|Any CPU
		{37804F53-7617-E5CD-2951-5210BE12B580}.Release|Any CPU.Build.0 = Release|Any CPU
		{08EC34FF-B05F-D450-BF3A-6C4AE5DBD99D}.Debug|Any CPU.ActiveCfg = Debug|Any CPU
		{08EC34FF-B05F-D450-BF3A-6C4AE5DBD99D}.Debug|Any CPU.Build.0 = Debug|Any CPU
		{08EC34FF-B05F-D450-BF3A-6C4AE5DBD99D}.Release|Any CPU.ActiveCfg = Release|Any CPU
		{08EC34FF-B05F-D450-BF3A-6C4AE5DBD99D}.Release|Any CPU.Build.0 = Release|Any CPU
	EndGlobalSection
	GlobalSection(SolutionProperties) = preSolution
		HideSolutionNode = FALSE
	EndGlobalSection
	GlobalSection(ExtensibilityGlobals) = postSolution
		SolutionGuid = {4E1E5C20-3E2B-4095-B41B-0A394AEE1E9A}
	EndGlobalSection
EndGlobal
